
Microsoft Visual Studio Solution File, Format Version 12.00
# Visual Studio Version 17
VisualStudioVersion = 17.7.34024.191
MinimumVisualStudioVersion = 10.0.40219.1
Project("{FAE04EC0-301F-11D3-BF4B-00C04F79EFBC}") = "EvenNumbersThread", "EvenNumbersThread\EvenNumbersThread.csproj", "{EA6E816D-5B6A-4993-90B0-C7AFADF5EF08}"
EndProject
Project("{FAE04EC0-301F-11D3-BF4B-00C04F79EFBC}") = "Sum Evens in Range", "Sum Evens in Range\Sum Evens in Range.csproj", "{9BE25999-705D-43D0-A05F-DC602A51CC5A}"
EndProject
Project("{FAE04EC0-301F-11D3-BF4B-00C04F79EFBC}") = "Sum Evens in Background", "Sum Evens in Background\Sum Evens in Background.csproj", "{63949969-A81F-4A0B-A402-6DDF7ADDD9F9}"
EndProject
Project("{FAE04EC0-301F-11D3-BF4B-00C04F79EFBC}") = "Chronometer", "Chronometer\Chronometer.csproj", "{A2FA74D6-1259-4D76-B6A8-0420936B4693}"
EndProject
Global
	GlobalSection(SolutionConfigurationPlatforms) = preSolution
		Debug|Any CPU = Debug|Any CPU
		Release|Any CPU = Release|Any CPU
	EndGlobalSection
	GlobalSection(ProjectConfigurationPlatforms) = postSolution
		{EA6E816D-5B6A-4993-90B0-C7AFADF5EF08}.Debug|Any CPU.ActiveCfg = Debug|Any CPU
		{EA6E816D-5B6A-4993-90B0-C7AFADF5EF08}.Debug|Any CPU.Build.0 = Debug|Any CPU
		{EA6E816D-5B6A-4993-90B0-C7AFADF5EF08}.Release|Any CPU.ActiveCfg = Release|Any CPU
		{EA6E816D-5B6A-4993-90B0-C7AFADF5EF08}.Release|Any CPU.Build.0 = Release|Any CPU
		{9BE25999-705D-43D0-A05F-DC602A51CC5A}.Debug|Any CPU.ActiveCfg = Debug|Any CPU
		{9BE25999-705D-43D0-A05F-DC602A51CC5A}.Debug|Any CPU.Build.0 = Debug|Any CPU
		{9BE25999-705D-43D0-A05F-DC602A51CC5A}.Release|Any CPU.ActiveCfg = Release|Any CPU
		{9BE25999-705D-43D0-A05F-DC602A51CC5A}.Release|Any CPU.Build.0 = Release|Any CPU
		{63949969-A81F-4A0B-A402-6DDF7ADDD9F9}.Debug|Any CPU.ActiveCfg = Debug|Any CPU
		{63949969-A81F-4A0B-A402-6DDF7ADDD9F9}.Debug|Any CPU.Build.0 = Debug|Any CPU
		{63949969-A81F-4A0B-A402-6DDF7ADDD9F9}.Release|Any CPU.ActiveCfg = Release|Any CPU
		{63949969-A81F-4A0B-A402-6DDF7ADDD9F9}.Release|Any CPU.Build.0 = Release|Any CPU
		{A2FA74D6-1259-4D76-B6A8-0420936B4693}.Debug|Any CPU.ActiveCfg = Debug|Any CPU
		{A2FA74D6-1259-4D76-B6A8-0420936B4693}.Debug|Any CPU.Build.0 = Debug|Any CPU
		{A2FA74D6-1259-4D76-B6A8-0420936B4693}.Release|Any CPU.ActiveCfg = Release|Any CPU
		{A2FA74D6-1259-4D76-B6A8-0420936B4693}.Release|Any CPU.Build.0 = Release|Any CPU
	EndGlobalSection
	GlobalSection(SolutionProperties) = preSolution
		HideSolutionNode = FALSE
	EndGlobalSection
	GlobalSection(ExtensibilityGlobals) = postSolution
		SolutionGuid = {2D511D75-9BF6-4789-A434-661BED19912F}
	EndGlobalSection
EndGlobal
