
Microsoft Visual Studio Solution File, Format Version 12.00
# Visual Studio Version 17
VisualStudioVersion = 17.7.34024.191
MinimumVisualStudioVersion = 10.0.40219.1
Project("{9A19103F-16F7-4668-BE54-9A1E7A4F7556}") = "TaskBoardApp", "TaskBoardApp\TaskBoardApp.csproj", "{F808E09D-701C-4E07-8D67-DB2950C68BD8}"
EndProject
Project("{9A19103F-16F7-4668-BE54-9A1E7A4F7556}") = "TaskBoardApp.Data", "TaskBoardApp.Data\TaskBoardApp.Data.csproj", "{79F3D4C7-4261-483F-A7D5-A6A77D55EFD2}"
EndProject
Project("{9A19103F-16F7-4668-BE54-9A1E7A4F7556}") = "TaskBoardApp.Data.Models", "TaskBoardApp.Data.Models\TaskBoardApp.Data.Models.csproj", "{9039C4A4-DD8E-4502-865E-4C2CE6F64B59}"
EndProject
Project("{9A19103F-16F7-4668-BE54-9A1E7A4F7556}") = "TaskBoardApp.Web.ViewModels", "TaskBoardApp.Web.ViewModels\TaskBoardApp.Web.ViewModels.csproj", "{A1A41230-9E11-42A8-8F15-8E1122BA4762}"
EndProject
Project("{9A19103F-16F7-4668-BE54-9A1E7A4F7556}") = "TaskBoardApp.Services", "TaskBoardApp.Services\TaskBoardApp.Services.csproj", "{80B98E4F-C3B2-4861-A179-AD30338A54F3}"
EndProject
Project("{9A19103F-16F7-4668-BE54-9A1E7A4F7556}") = "TaskBoardApp.Common", "TaskBoardApp.Common\TaskBoardApp.Common.csproj", "{AD14A7DF-3D9A-4DA4-BA1D-6773E1869FC8}"
EndProject
Project("{FAE04EC0-301F-11D3-BF4B-00C04F79EFBC}") = "TaskBoardApp.ViewModels", "TaskBoardApp.ViewModels\TaskBoardApp.ViewModels.csproj", "{78294A0B-6202-452D-8A0A-E31DF8489F29}"
EndProject
Global
	GlobalSection(SolutionConfigurationPlatforms) = preSolution
		Debug|Any CPU = Debug|Any CPU
		Release|Any CPU = Release|Any CPU
	EndGlobalSection
	GlobalSection(ProjectConfigurationPlatforms) = postSolution
		{F808E09D-701C-4E07-8D67-DB2950C68BD8}.Debug|Any CPU.ActiveCfg = Debug|Any CPU
		{F808E09D-701C-4E07-8D67-DB2950C68BD8}.Debug|Any CPU.Build.0 = Debug|Any CPU
		{F808E09D-701C-4E07-8D67-DB2950C68BD8}.Release|Any CPU.ActiveCfg = Release|Any CPU
		{F808E09D-701C-4E07-8D67-DB2950C68BD8}.Release|Any CPU.Build.0 = Release|Any CPU
		{79F3D4C7-4261-483F-A7D5-A6A77D55EFD2}.Debug|Any CPU.ActiveCfg = Debug|Any CPU
		{79F3D4C7-4261-483F-A7D5-A6A77D55EFD2}.Debug|Any CPU.Build.0 = Debug|Any CPU
		{79F3D4C7-4261-483F-A7D5-A6A77D55EFD2}.Release|Any CPU.ActiveCfg = Release|Any CPU
		{79F3D4C7-4261-483F-A7D5-A6A77D55EFD2}.Release|Any CPU.Build.0 = Release|Any CPU
		{9039C4A4-DD8E-4502-865E-4C2CE6F64B59}.Debug|Any CPU.ActiveCfg = Debug|Any CPU
		{9039C4A4-DD8E-4502-865E-4C2CE6F64B59}.Debug|Any CPU.Build.0 = Debug|Any CPU
		{9039C4A4-DD8E-4502-865E-4C2CE6F64B59}.Release|Any CPU.ActiveCfg = Release|Any CPU
		{9039C4A4-DD8E-4502-865E-4C2CE6F64B59}.Release|Any CPU.Build.0 = Release|Any CPU
		{A1A41230-9E11-42A8-8F15-8E1122BA4762}.Debug|Any CPU.ActiveCfg = Debug|Any CPU
		{A1A41230-9E11-42A8-8F15-8E1122BA4762}.Debug|Any CPU.Build.0 = Debug|Any CPU
		{A1A41230-9E11-42A8-8F15-8E1122BA4762}.Release|Any CPU.ActiveCfg = Release|Any CPU
		{A1A41230-9E11-42A8-8F15-8E1122BA4762}.Release|Any CPU.Build.0 = Release|Any CPU
		{80B98E4F-C3B2-4861-A179-AD30338A54F3}.Debug|Any CPU.ActiveCfg = Debug|Any CPU
		{80B98E4F-C3B2-4861-A179-AD30338A54F3}.Debug|Any CPU.Build.0 = Debug|Any CPU
		{80B98E4F-C3B2-4861-A179-AD30338A54F3}.Release|Any CPU.ActiveCfg = Release|Any CPU
		{80B98E4F-C3B2-4861-A179-AD30338A54F3}.Release|Any CPU.Build.0 = Release|Any CPU
		{AD14A7DF-3D9A-4DA4-BA1D-6773E1869FC8}.Debug|Any CPU.ActiveCfg = Debug|Any CPU
		{AD14A7DF-3D9A-4DA4-BA1D-6773E1869FC8}.Debug|Any CPU.Build.0 = Debug|Any CPU
		{AD14A7DF-3D9A-4DA4-BA1D-6773E1869FC8}.Release|Any CPU.ActiveCfg = Release|Any CPU
		{AD14A7DF-3D9A-4DA4-BA1D-6773E1869FC8}.Release|Any CPU.Build.0 = Release|Any CPU
		{78294A0B-6202-452D-8A0A-E31DF8489F29}.Debug|Any CPU.ActiveCfg = Debug|Any CPU
		{78294A0B-6202-452D-8A0A-E31DF8489F29}.Debug|Any CPU.Build.0 = Debug|Any CPU
		{78294A0B-6202-452D-8A0A-E31DF8489F29}.Release|Any CPU.ActiveCfg = Release|Any CPU
		{78294A0B-6202-452D-8A0A-E31DF8489F29}.Release|Any CPU.Build.0 = Release|Any CPU
	EndGlobalSection
	GlobalSection(SolutionProperties) = preSolution
		HideSolutionNode = FALSE
	EndGlobalSection
	GlobalSection(ExtensibilityGlobals) = postSolution
		SolutionGuid = {E5BAE6F8-970F-4EEB-B745-F717EC9E9DCC}
	EndGlobalSection
EndGlobal
