
Microsoft Visual Studio Solution File, Format Version 12.00
# Visual Studio Version 17
VisualStudioVersion = 17.7.34024.191
MinimumVisualStudioVersion = 10.0.40219.1
Project("{FAE04EC0-301F-11D3-BF4B-00C04F79EFBC}") = "ShoppingListApp", "ShoppingListApp\ShoppingListApp.csproj", "{F978BA62-780A-448E-BA7D-60FF871A3A29}"
EndProject
Project("{FAE04EC0-301F-11D3-BF4B-00C04F79EFBC}") = "ShoppingList.Infrastructure", "ShoppingList.Infrastructure\ShoppingList.Infrastructure.csproj", "{CAB0B436-2708-45E8-8616-F3DD50558B7A}"
EndProject
Project("{FAE04EC0-301F-11D3-BF4B-00C04F79EFBC}") = "ShoppingList.Core", "ShoppingList.Core\ShoppingList.Core.csproj", "{D8EC8F09-093C-43C3-B732-9F52CFB57F81}"
EndProject
Global
	GlobalSection(SolutionConfigurationPlatforms) = preSolution
		Debug|Any CPU = Debug|Any CPU
		Release|Any CPU = Release|Any CPU
	EndGlobalSection
	GlobalSection(ProjectConfigurationPlatforms) = postSolution
		{F978BA62-780A-448E-BA7D-60FF871A3A29}.Debug|Any CPU.ActiveCfg = Debug|Any CPU
		{F978BA62-780A-448E-BA7D-60FF871A3A29}.Debug|Any CPU.Build.0 = Debug|Any CPU
		{F978BA62-780A-448E-BA7D-60FF871A3A29}.Release|Any CPU.ActiveCfg = Release|Any CPU
		{F978BA62-780A-448E-BA7D-60FF871A3A29}.Release|Any CPU.Build.0 = Release|Any CPU
		{CAB0B436-2708-45E8-8616-F3DD50558B7A}.Debug|Any CPU.ActiveCfg = Debug|Any CPU
		{CAB0B436-2708-45E8-8616-F3DD50558B7A}.Debug|Any CPU.Build.0 = Debug|Any CPU
		{CAB0B436-2708-45E8-8616-F3DD50558B7A}.Release|Any CPU.ActiveCfg = Release|Any CPU
		{CAB0B436-2708-45E8-8616-F3DD50558B7A}.Release|Any CPU.Build.0 = Release|Any CPU
		{D8EC8F09-093C-43C3-B732-9F52CFB57F81}.Debug|Any CPU.ActiveCfg = Debug|Any CPU
		{D8EC8F09-093C-43C3-B732-9F52CFB57F81}.Debug|Any CPU.Build.0 = Debug|Any CPU
		{D8EC8F09-093C-43C3-B732-9F52CFB57F81}.Release|Any CPU.ActiveCfg = Release|Any CPU
		{D8EC8F09-093C-43C3-B732-9F52CFB57F81}.Release|Any CPU.Build.0 = Release|Any CPU
	EndGlobalSection
	GlobalSection(SolutionProperties) = preSolution
		HideSolutionNode = FALSE
	EndGlobalSection
	GlobalSection(ExtensibilityGlobals) = postSolution
		SolutionGuid = {B6705EBF-5FC0-4003-8BE4-7F98CA6F4041}
	EndGlobalSection
EndGlobal
